
Microsoft Visual Studio Solution File, Format Version 12.00
# Visual Studio Version 17
VisualStudioVersion = 17.5.002.0
MinimumVisualStudioVersion = 10.0.40219.1
Project("{9A19103F-16F7-4668-BE54-9A1E7A4F7556}") = "dictionary", "dictionary.csproj", "{2D9CEC1C-47E7-46D2-A3BA-05C1539F64EF}"
EndProject
Global
	GlobalSection(SolutionConfigurationPlatforms) = preSolution
		Debug|Any CPU = Debug|Any CPU
		Release|Any CPU = Release|Any CPU
	EndGlobalSection
	GlobalSection(ProjectConfigurationPlatforms) = postSolution
		{2D9CEC1C-47E7-46D2-A3BA-05C1539F64EF}.Debug|Any CPU.ActiveCfg = Debug|Any CPU
		{2D9CEC1C-47E7-46D2-A3BA-05C1539F64EF}.Debug|Any CPU.Build.0 = Debug|Any CPU
		{2D9CEC1C-47E7-46D2-A3BA-05C1539F64EF}.Release|Any CPU.ActiveCfg = Release|Any CPU
		{2D9CEC1C-47E7-46D2-A3BA-05C1539F64EF}.Release|Any CPU.Build.0 = Release|Any CPU
	EndGlobalSection
	GlobalSection(SolutionProperties) = preSolution
		HideSolutionNode = FALSE
	EndGlobalSection
	GlobalSection(ExtensibilityGlobals) = postSolution
		SolutionGuid = {DC0DADD6-70C3-42C7-9A68-7CBCA797AE4A}
	EndGlobalSection
EndGlobal
